// !$*UTF8*$!
{
	archiveVersion = 1;
	classes = {
	};
	objectVersion = 56;
	objects = {

/* Begin PBXBuildFile section */
		4B6CEC472BE4312B00F8C738 /* AppDelegate.swift in Sources */ = {isa = PBXBuildFile; fileRef = 4B6CEC462BE4312B00F8C738 /* AppDelegate.swift */; };
		4B6CEC492BE4312B00F8C738 /* SceneDelegate.swift in Sources */ = {isa = PBXBuildFile; fileRef = 4B6CEC482BE4312B00F8C738 /* SceneDelegate.swift */; };
		4B6CEC4B2BE4312B00F8C738 /* SceneViewController.swift in Sources */ = {isa = PBXBuildFile; fileRef = 4B6CEC4A2BE4312B00F8C738 /* SceneViewController.swift */; };
		4B6CEC502BE4313300F8C738 /* Assets.xcassets in Resources */ = {isa = PBXBuildFile; fileRef = 4B6CEC4F2BE4313300F8C738 /* Assets.xcassets */; };
		4B6CEC532BE4313300F8C738 /* LaunchScreen.storyboard in Resources */ = {isa = PBXBuildFile; fileRef = 4B6CEC512BE4313300F8C738 /* LaunchScreen.storyboard */; };
		4B6CEC5E2BE4313300F8C738 /* QuestGameTests.swift in Sources */ = {isa = PBXBuildFile; fileRef = 4B6CEC5D2BE4313300F8C738 /* QuestGameTests.swift */; };
		4B6CEC682BE4313300F8C738 /* QuestGameUITests.swift in Sources */ = {isa = PBXBuildFile; fileRef = 4B6CEC672BE4313300F8C738 /* QuestGameUITests.swift */; };
		4B6CEC6A2BE4313300F8C738 /* QuestGameUITestsLaunchTests.swift in Sources */ = {isa = PBXBuildFile; fileRef = 4B6CEC692BE4313300F8C738 /* QuestGameUITestsLaunchTests.swift */; };
		4B6CEC772BE4328300F8C738 /* Choice.swift in Sources */ = {isa = PBXBuildFile; fileRef = 4B6CEC762BE4328300F8C738 /* Choice.swift */; };
		4B6CEC792BE4329900F8C738 /* Scene.swift in Sources */ = {isa = PBXBuildFile; fileRef = 4B6CEC782BE4329900F8C738 /* Scene.swift */; };
		4B6CEC7B2BE432B500F8C738 /* Character.swift in Sources */ = {isa = PBXBuildFile; fileRef = 4B6CEC7A2BE432B500F8C738 /* Character.swift */; };
		4B6CEC7D2BE432C700F8C738 /* Game.swift in Sources */ = {isa = PBXBuildFile; fileRef = 4B6CEC7C2BE432C700F8C738 /* Game.swift */; };
		4B6CEC7F2BE4359A00F8C738 /* Roads.swift in Sources */ = {isa = PBXBuildFile; fileRef = 4B6CEC7E2BE4359A00F8C738 /* Roads.swift */; };
/* End PBXBuildFile section */

/* Begin PBXContainerItemProxy section */
		4B6CEC5A2BE4313300F8C738 /* PBXContainerItemProxy */ = {
			isa = PBXContainerItemProxy;
			containerPortal = 4B6CEC3B2BE4312B00F8C738 /* Project object */;
			proxyType = 1;
			remoteGlobalIDString = 4B6CEC422BE4312B00F8C738;
			remoteInfo = QuestGame;
		};
		4B6CEC642BE4313300F8C738 /* PBXContainerItemProxy */ = {
			isa = PBXContainerItemProxy;
			containerPortal = 4B6CEC3B2BE4312B00F8C738 /* Project object */;
			proxyType = 1;
			remoteGlobalIDString = 4B6CEC422BE4312B00F8C738;
			remoteInfo = QuestGame;
		};
/* End PBXContainerItemProxy section */

/* Begin PBXFileReference section */
		4B6CEC432BE4312B00F8C738 /* QuestGame.app */ = {isa = PBXFileReference; explicitFileType = wrapper.application; includeInIndex = 0; path = QuestGame.app; sourceTree = BUILT_PRODUCTS_DIR; };
		4B6CEC462BE4312B00F8C738 /* AppDelegate.swift */ = {isa = PBXFileReference; lastKnownFileType = sourcecode.swift; path = AppDelegate.swift; sourceTree = "<group>"; };
		4B6CEC482BE4312B00F8C738 /* SceneDelegate.swift */ = {isa = PBXFileReference; lastKnownFileType = sourcecode.swift; path = SceneDelegate.swift; sourceTree = "<group>"; };
		4B6CEC4A2BE4312B00F8C738 /* SceneViewController.swift */ = {isa = PBXFileReference; lastKnownFileType = sourcecode.swift; path = SceneViewController.swift; sourceTree = "<group>"; };
		4B6CEC4F2BE4313300F8C738 /* Assets.xcassets */ = {isa = PBXFileReference; lastKnownFileType = folder.assetcatalog; path = Assets.xcassets; sourceTree = "<group>"; };
		4B6CEC522BE4313300F8C738 /* Base */ = {isa = PBXFileReference; lastKnownFileType = file.storyboard; name = Base; path = Base.lproj/LaunchScreen.storyboard; sourceTree = "<group>"; };
		4B6CEC542BE4313300F8C738 /* Info.plist */ = {isa = PBXFileReference; lastKnownFileType = text.plist.xml; path = Info.plist; sourceTree = "<group>"; };
		4B6CEC592BE4313300F8C738 /* QuestGameTests.xctest */ = {isa = PBXFileReference; explicitFileType = wrapper.cfbundle; includeInIndex = 0; path = QuestGameTests.xctest; sourceTree = BUILT_PRODUCTS_DIR; };
		4B6CEC5D2BE4313300F8C738 /* QuestGameTests.swift */ = {isa = PBXFileReference; lastKnownFileType = sourcecode.swift; path = QuestGameTests.swift; sourceTree = "<group>"; };
		4B6CEC632BE4313300F8C738 /* QuestGameUITests.xctest */ = {isa = PBXFileReference; explicitFileType = wrapper.cfbundle; includeInIndex = 0; path = QuestGameUITests.xctest; sourceTree = BUILT_PRODUCTS_DIR; };
		4B6CEC672BE4313300F8C738 /* QuestGameUITests.swift */ = {isa = PBXFileReference; lastKnownFileType = sourcecode.swift; path = QuestGameUITests.swift; sourceTree = "<group>"; };
		4B6CEC692BE4313300F8C738 /* QuestGameUITestsLaunchTests.swift */ = {isa = PBXFileReference; lastKnownFileType = sourcecode.swift; path = QuestGameUITestsLaunchTests.swift; sourceTree = "<group>"; };
		4B6CEC762BE4328300F8C738 /* Choice.swift */ = {isa = PBXFileReference; lastKnownFileType = sourcecode.swift; path = Choice.swift; sourceTree = "<group>"; };
		4B6CEC782BE4329900F8C738 /* Scene.swift */ = {isa = PBXFileReference; lastKnownFileType = sourcecode.swift; path = Scene.swift; sourceTree = "<group>"; };
		4B6CEC7A2BE432B500F8C738 /* Character.swift */ = {isa = PBXFileReference; lastKnownFileType = sourcecode.swift; path = Character.swift; sourceTree = "<group>"; };
		4B6CEC7C2BE432C700F8C738 /* Game.swift */ = {isa = PBXFileReference; lastKnownFileType = sourcecode.swift; path = Game.swift; sourceTree = "<group>"; };
		4B6CEC7E2BE4359A00F8C738 /* Roads.swift */ = {isa = PBXFileReference; lastKnownFileType = sourcecode.swift; path = Roads.swift; sourceTree = "<group>"; };
/* End PBXFileReference section */

/* Begin PBXFrameworksBuildPhase section */
		4B6CEC402BE4312B00F8C738 /* Frameworks */ = {
			isa = PBXFrameworksBuildPhase;
			buildActionMask = 2147483647;
			files = (
			);
			runOnlyForDeploymentPostprocessing = 0;
		};
		4B6CEC562BE4313300F8C738 /* Frameworks */ = {
			isa = PBXFrameworksBuildPhase;
			buildActionMask = 2147483647;
			files = (
			);
			runOnlyForDeploymentPostprocessing = 0;
		};
		4B6CEC602BE4313300F8C738 /* Frameworks */ = {
			isa = PBXFrameworksBuildPhase;
			buildActionMask = 2147483647;
			files = (
			);
			runOnlyForDeploymentPostprocessing = 0;
		};
/* End PBXFrameworksBuildPhase section */

/* Begin PBXGroup section */
		4B6CEC3A2BE4312B00F8C738 = {
			isa = PBXGroup;
			children = (
				4B6CEC452BE4312B00F8C738 /* QuestGame */,
				4B6CEC5C2BE4313300F8C738 /* QuestGameTests */,
				4B6CEC662BE4313300F8C738 /* QuestGameUITests */,
				4B6CEC442BE4312B00F8C738 /* Products */,
			);
			sourceTree = "<group>";
		};
		4B6CEC442BE4312B00F8C738 /* Products */ = {
			isa = PBXGroup;
			children = (
				4B6CEC432BE4312B00F8C738 /* QuestGame.app */,
				4B6CEC592BE4313300F8C738 /* QuestGameTests.xctest */,
				4B6CEC632BE4313300F8C738 /* QuestGameUITests.xctest */,
			);
			name = Products;
			sourceTree = "<group>";
		};
		4B6CEC452BE4312B00F8C738 /* QuestGame */ = {
			isa = PBXGroup;
			children = (
				4B6CEC462BE4312B00F8C738 /* AppDelegate.swift */,
				4B6CEC482BE4312B00F8C738 /* SceneDelegate.swift */,
				4B6CEC4A2BE4312B00F8C738 /* SceneViewController.swift */,
				4B6CEC7C2BE432C700F8C738 /* Game.swift */,
				4B6CEC782BE4329900F8C738 /* Scene.swift */,
				4B6CEC762BE4328300F8C738 /* Choice.swift */,
				4B6CEC7A2BE432B500F8C738 /* Character.swift */,
				4B6CEC7E2BE4359A00F8C738 /* Roads.swift */,
				4B6CEC4F2BE4313300F8C738 /* Assets.xcassets */,
				4B6CEC512BE4313300F8C738 /* LaunchScreen.storyboard */,
				4B6CEC542BE4313300F8C738 /* Info.plist */,
			);
			path = QuestGame;
			sourceTree = "<group>";
		};
		4B6CEC5C2BE4313300F8C738 /* QuestGameTests */ = {
			isa = PBXGroup;
			children = (
				4B6CEC5D2BE4313300F8C738 /* QuestGameTests.swift */,
			);
			path = QuestGameTests;
			sourceTree = "<group>";
		};
		4B6CEC662BE4313300F8C738 /* QuestGameUITests */ = {
			isa = PBXGroup;
			children = (
				4B6CEC672BE4313300F8C738 /* QuestGameUITests.swift */,
				4B6CEC692BE4313300F8C738 /* QuestGameUITestsLaunchTests.swift */,
			);
			path = QuestGameUITests;
			sourceTree = "<group>";
		};
/* End PBXGroup section */

/* Begin PBXNativeTarget section */
		4B6CEC422BE4312B00F8C738 /* QuestGame */ = {
			isa = PBXNativeTarget;
			buildConfigurationList = 4B6CEC6D2BE4313300F8C738 /* Build configuration list for PBXNativeTarget "QuestGame" */;
			buildPhases = (
				4B6CEC3F2BE4312B00F8C738 /* Sources */,
				4B6CEC402BE4312B00F8C738 /* Frameworks */,
				4B6CEC412BE4312B00F8C738 /* Resources */,
			);
			buildRules = (
			);
			dependencies = (
			);
			name = QuestGame;
			productName = QuestGame;
			productReference = 4B6CEC432BE4312B00F8C738 /* QuestGame.app */;
			productType = "com.apple.product-type.application";
		};
		4B6CEC582BE4313300F8C738 /* QuestGameTests */ = {
			isa = PBXNativeTarget;
			buildConfigurationList = 4B6CEC702BE4313300F8C738 /* Build configuration list for PBXNativeTarget "QuestGameTests" */;
			buildPhases = (
				4B6CEC552BE4313300F8C738 /* Sources */,
				4B6CEC562BE4313300F8C738 /* Frameworks */,
				4B6CEC572BE4313300F8C738 /* Resources */,
			);
			buildRules = (
			);
			dependencies = (
				4B6CEC5B2BE4313300F8C738 /* PBXTargetDependency */,
			);
			name = QuestGameTests;
			productName = QuestGameTests;
			productReference = 4B6CEC592BE4313300F8C738 /* QuestGameTests.xctest */;
			productType = "com.apple.product-type.bundle.unit-test";
		};
		4B6CEC622BE4313300F8C738 /* QuestGameUITests */ = {
			isa = PBXNativeTarget;
			buildConfigurationList = 4B6CEC732BE4313300F8C738 /* Build configuration list for PBXNativeTarget "QuestGameUITests" */;
			buildPhases = (
				4B6CEC5F2BE4313300F8C738 /* Sources */,
				4B6CEC602BE4313300F8C738 /* Frameworks */,
				4B6CEC612BE4313300F8C738 /* Resources */,
			);
			buildRules = (
			);
			dependencies = (
				4B6CEC652BE4313300F8C738 /* PBXTargetDependency */,
			);
			name = QuestGameUITests;
			productName = QuestGameUITests;
			productReference = 4B6CEC632BE4313300F8C738 /* QuestGameUITests.xctest */;
			productType = "com.apple.product-type.bundle.ui-testing";
		};
/* End PBXNativeTarget section */

/* Begin PBXProject section */
		4B6CEC3B2BE4312B00F8C738 /* Project object */ = {
			isa = PBXProject;
			attributes = {
				BuildIndependentTargetsInParallel = 1;
				LastSwiftUpdateCheck = 1510;
				LastUpgradeCheck = 1510;
				TargetAttributes = {
					4B6CEC422BE4312B00F8C738 = {
						CreatedOnToolsVersion = 15.1;
					};
					4B6CEC582BE4313300F8C738 = {
						CreatedOnToolsVersion = 15.1;
						TestTargetID = 4B6CEC422BE4312B00F8C738;
					};
					4B6CEC622BE4313300F8C738 = {
						CreatedOnToolsVersion = 15.1;
						TestTargetID = 4B6CEC422BE4312B00F8C738;
					};
				};
			};
			buildConfigurationList = 4B6CEC3E2BE4312B00F8C738 /* Build configuration list for PBXProject "QuestGame" */;
			compatibilityVersion = "Xcode 14.0";
			developmentRegion = en;
			hasScannedForEncodings = 0;
			knownRegions = (
				en,
				Base,
			);
			mainGroup = 4B6CEC3A2BE4312B00F8C738;
			productRefGroup = 4B6CEC442BE4312B00F8C738 /* Products */;
			projectDirPath = "";
			projectRoot = "";
			targets = (
				4B6CEC422BE4312B00F8C738 /* QuestGame */,
				4B6CEC582BE4313300F8C738 /* QuestGameTests */,
				4B6CEC622BE4313300F8C738 /* QuestGameUITests */,
			);
		};
/* End PBXProject section */

/* Begin PBXResourcesBuildPhase section */
		4B6CEC412BE4312B00F8C738 /* Resources */ = {
			isa = PBXResourcesBuildPhase;
			buildActionMask = 2147483647;
			files = (
				4B6CEC532BE4313300F8C738 /* LaunchScreen.storyboard in Resources */,
				4B6CEC502BE4313300F8C738 /* Assets.xcassets in Resources */,
			);
			runOnlyForDeploymentPostprocessing = 0;
		};
		4B6CEC572BE4313300F8C738 /* Resources */ = {
			isa = PBXResourcesBuildPhase;
			buildActionMask = 2147483647;
			files = (
			);
			runOnlyForDeploymentPostprocessing = 0;
		};
		4B6CEC612BE4313300F8C738 /* Resources */ = {
			isa = PBXResourcesBuildPhase;
			buildActionMask = 2147483647;
			files = (
			);
			runOnlyForDeploymentPostprocessing = 0;
		};
/* End PBXResourcesBuildPhase section */

/* Begin PBXSourcesBuildPhase section */
		4B6CEC3F2BE4312B00F8C738 /* Sources */ = {
			isa = PBXSourcesBuildPhase;
			buildActionMask = 2147483647;
			files = (
				4B6CEC4B2BE4312B00F8C738 /* SceneViewController.swift in Sources */,
				4B6CEC472BE4312B00F8C738 /* AppDelegate.swift in Sources */,
				4B6CEC7D2BE432C700F8C738 /* Game.swift in Sources */,
				4B6CEC792BE4329900F8C738 /* Scene.swift in Sources */,
				4B6CEC7B2BE432B500F8C738 /* Character.swift in Sources */,
				4B6CEC772BE4328300F8C738 /* Choice.swift in Sources */,
				4B6CEC492BE4312B00F8C738 /* SceneDelegate.swift in Sources */,
				4B6CEC7F2BE4359A00F8C738 /* Roads.swift in Sources */,
			);
			runOnlyForDeploymentPostprocessing = 0;
		};
		4B6CEC552BE4313300F8C738 /* Sources */ = {
			isa = PBXSourcesBuildPhase;
			buildActionMask = 2147483647;
			files = (
				4B6CEC5E2BE4313300F8C738 /* QuestGameTests.swift in Sources */,
			);
			runOnlyForDeploymentPostprocessing = 0;
		};
		4B6CEC5F2BE4313300F8C738 /* Sources */ = {
			isa = PBXSourcesBuildPhase;
			buildActionMask = 2147483647;
			files = (
				4B6CEC682BE4313300F8C738 /* QuestGameUITests.swift in Sources */,
				4B6CEC6A2BE4313300F8C738 /* QuestGameUITestsLaunchTests.swift in Sources */,
			);
			runOnlyForDeploymentPostprocessing = 0;
		};
/* End PBXSourcesBuildPhase section */

/* Begin PBXTargetDependency section */
		4B6CEC5B2BE4313300F8C738 /* PBXTargetDependency */ = {
			isa = PBXTargetDependency;
			target = 4B6CEC422BE4312B00F8C738 /* QuestGame */;
			targetProxy = 4B6CEC5A2BE4313300F8C738 /* PBXContainerItemProxy */;
		};
		4B6CEC652BE4313300F8C738 /* PBXTargetDependency */ = {
			isa = PBXTargetDependency;
			target = 4B6CEC422BE4312B00F8C738 /* QuestGame */;
			targetProxy = 4B6CEC642BE4313300F8C738 /* PBXContainerItemProxy */;
		};
/* End PBXTargetDependency section */

/* Begin PBXVariantGroup section */
		4B6CEC512BE4313300F8C738 /* LaunchScreen.storyboard */ = {
			isa = PBXVariantGroup;
			children = (
				4B6CEC522BE4313300F8C738 /* Base */,
			);
			name = LaunchScreen.storyboard;
			sourceTree = "<group>";
		};
/* End PBXVariantGroup section */

/* Begin XCBuildConfiguration section */
		4B6CEC6B2BE4313300F8C738 /* Debug */ = {
			isa = XCBuildConfiguration;
			buildSettings = {
				ALWAYS_SEARCH_USER_PATHS = NO;
				ASSETCATALOG_COMPILER_GENERATE_SWIFT_ASSET_SYMBOL_EXTENSIONS = YES;
				CLANG_ANALYZER_NONNULL = YES;
				CLANG_ANALYZER_NUMBER_OBJECT_CONVERSION = YES_AGGRESSIVE;
				CLANG_CXX_LANGUAGE_STANDARD = "gnu++20";
				CLANG_ENABLE_MODULES = YES;
				CLANG_ENABLE_OBJC_ARC = YES;
				CLANG_ENABLE_OBJC_WEAK = YES;
				CLANG_WARN_BLOCK_CAPTURE_AUTORELEASING = YES;
				CLANG_WARN_BOOL_CONVERSION = YES;
				CLANG_WARN_COMMA = YES;
				CLANG_WARN_CONSTANT_CONVERSION = YES;
				CLANG_WARN_DEPRECATED_OBJC_IMPLEMENTATIONS = YES;
				CLANG_WARN_DIRECT_OBJC_ISA_USAGE = YES_ERROR;
				CLANG_WARN_DOCUMENTATION_COMMENTS = YES;
				CLANG_WARN_EMPTY_BODY = YES;
				CLANG_WARN_ENUM_CONVERSION = YES;
				CLANG_WARN_INFINITE_RECURSION = YES;
				CLANG_WARN_INT_CONVERSION = YES;
				CLANG_WARN_NON_LITERAL_NULL_CONVERSION = YES;
				CLANG_WARN_OBJC_IMPLICIT_RETAIN_SELF = YES;
				CLANG_WARN_OBJC_LITERAL_CONVERSION = YES;
				CLANG_WARN_OBJC_ROOT_CLASS = YES_ERROR;
				CLANG_WARN_QUOTED_INCLUDE_IN_FRAMEWORK_HEADER = YES;
				CLANG_WARN_RANGE_LOOP_ANALYSIS = YES;
				CLANG_WARN_STRICT_PROTOTYPES = YES;
				CLANG_WARN_SUSPICIOUS_MOVE = YES;
				CLANG_WARN_UNGUARDED_AVAILABILITY = YES_AGGRESSIVE;
				CLANG_WARN_UNREACHABLE_CODE = YES;
				CLANG_WARN__DUPLICATE_METHOD_MATCH = YES;
				COPY_PHASE_STRIP = NO;
				DEBUG_INFORMATION_FORMAT = dwarf;
				ENABLE_STRICT_OBJC_MSGSEND = YES;
				ENABLE_TESTABILITY = YES;
				ENABLE_USER_SCRIPT_SANDBOXING = YES;
				GCC_C_LANGUAGE_STANDARD = gnu17;
				GCC_DYNAMIC_NO_PIC = NO;
				GCC_NO_COMMON_BLOCKS = YES;
				GCC_OPTIMIZATION_LEVEL = 0;
				GCC_PREPROCESSOR_DEFINITIONS = (
					"DEBUG=1",
					"$(inherited)",
				);
				GCC_WARN_64_TO_32_BIT_CONVERSION = YES;
				GCC_WARN_ABOUT_RETURN_TYPE = YES_ERROR;
				GCC_WARN_UNDECLARED_SELECTOR = YES;
				GCC_WARN_UNINITIALIZED_AUTOS = YES_AGGRESSIVE;
				GCC_WARN_UNUSED_FUNCTION = YES;
				GCC_WARN_UNUSED_VARIABLE = YES;
				IPHONEOS_DEPLOYMENT_TARGET = 17.2;
				LOCALIZATION_PREFERS_STRING_CATALOGS = YES;
				MTL_ENABLE_DEBUG_INFO = INCLUDE_SOURCE;
				MTL_FAST_MATH = YES;
				ONLY_ACTIVE_ARCH = YES;
				SDKROOT = iphoneos;
				SWIFT_ACTIVE_COMPILATION_CONDITIONS = "DEBUG $(inherited)";
				SWIFT_OPTIMIZATION_LEVEL = "-Onone";
			};
			name = Debug;
		};
		4B6CEC6C2BE4313300F8C738 /* Release */ = {
			isa = XCBuildConfiguration;
			buildSettings = {
				ALWAYS_SEARCH_USER_PATHS = NO;
				ASSETCATALOG_COMPILER_GENERATE_SWIFT_ASSET_SYMBOL_EXTENSIONS = YES;
				CLANG_ANALYZER_NONNULL = YES;
				CLANG_ANALYZER_NUMBER_OBJECT_CONVERSION = YES_AGGRESSIVE;
				CLANG_CXX_LANGUAGE_STANDARD = "gnu++20";
				CLANG_ENABLE_MODULES = YES;
				CLANG_ENABLE_OBJC_ARC = YES;
				CLANG_ENABLE_OBJC_WEAK = YES;
				CLANG_WARN_BLOCK_CAPTURE_AUTORELEASING = YES;
				CLANG_WARN_BOOL_CONVERSION = YES;
				CLANG_WARN_COMMA = YES;
				CLANG_WARN_CONSTANT_CONVERSION = YES;
				CLANG_WARN_DEPRECATED_OBJC_IMPLEMENTATIONS = YES;
				CLANG_WARN_DIRECT_OBJC_ISA_USAGE = YES_ERROR;
				CLANG_WARN_DOCUMENTATION_COMMENTS = YES;
				CLANG_WARN_EMPTY_BODY = YES;
				CLANG_WARN_ENUM_CONVERSION = YES;
				CLANG_WARN_INFINITE_RECURSION = YES;
				CLANG_WARN_INT_CONVERSION = YES;
				CLANG_WARN_NON_LITERAL_NULL_CONVERSION = YES;
				CLANG_WARN_OBJC_IMPLICIT_RETAIN_SELF = YES;
				CLANG_WARN_OBJC_LITERAL_CONVERSION = YES;
				CLANG_WARN_OBJC_ROOT_CLASS = YES_ERROR;
				CLANG_WARN_QUOTED_INCLUDE_IN_FRAMEWORK_HEADER = YES;
				CLANG_WARN_RANGE_LOOP_ANALYSIS = YES;
				CLANG_WARN_STRICT_PROTOTYPES = YES;
				CLANG_WARN_SUSPICIOUS_MOVE = YES;
				CLANG_WARN_UNGUARDED_AVAILABILITY = YES_AGGRESSIVE;
				CLANG_WARN_UNREACHABLE_CODE = YES;
				CLANG_WARN__DUPLICATE_METHOD_MATCH = YES;
				COPY_PHASE_STRIP = NO;
				DEBUG_INFORMATION_FORMAT = "dwarf-with-dsym";
				ENABLE_NS_ASSERTIONS = NO;
				ENABLE_STRICT_OBJC_MSGSEND = YES;
				ENABLE_USER_SCRIPT_SANDBOXING = YES;
				GCC_C_LANGUAGE_STANDARD = gnu17;
				GCC_NO_COMMON_BLOCKS = YES;
				GCC_WARN_64_TO_32_BIT_CONVERSION = YES;
				GCC_WARN_ABOUT_RETURN_TYPE = YES_ERROR;
				GCC_WARN_UNDECLARED_SELECTOR = YES;
				GCC_WARN_UNINITIALIZED_AUTOS = YES_AGGRESSIVE;
				GCC_WARN_UNUSED_FUNCTION = YES;
				GCC_WARN_UNUSED_VARIABLE = YES;
				IPHONEOS_DEPLOYMENT_TARGET = 17.2;
				LOCALIZATION_PREFERS_STRING_CATALOGS = YES;
				MTL_ENABLE_DEBUG_INFO = NO;
				MTL_FAST_MATH = YES;
				SDKROOT = iphoneos;
				SWIFT_COMPILATION_MODE = wholemodule;
				VALIDATE_PRODUCT = YES;
			};
			name = Release;
		};
		4B6CEC6E2BE4313300F8C738 /* Debug */ = {
			isa = XCBuildConfiguration;
			buildSettings = {
				ASSETCATALOG_COMPILER_APPICON_NAME = AppIcon;
				ASSETCATALOG_COMPILER_GLOBAL_ACCENT_COLOR_NAME = AccentColor;
				CODE_SIGN_STYLE = Automatic;
				CURRENT_PROJECT_VERSION = 1;
				DEVELOPMENT_TEAM = F7NHX5BAFW;
				GENERATE_INFOPLIST_FILE = YES;
				INFOPLIST_FILE = QuestGame/Info.plist;
				INFOPLIST_KEY_UIApplicationSupportsIndirectInputEvents = YES;
				INFOPLIST_KEY_UILaunchStoryboardName = LaunchScreen;
				INFOPLIST_KEY_UISupportedInterfaceOrientations_iPad = "UIInterfaceOrientationPortrait UIInterfaceOrientationPortraitUpsideDown UIInterfaceOrientationLandscapeLeft UIInterfaceOrientationLandscapeRight";
				INFOPLIST_KEY_UISupportedInterfaceOrientations_iPhone = "UIInterfaceOrientationPortrait UIInterfaceOrientationLandscapeLeft UIInterfaceOrientationLandscapeRight";
				LD_RUNPATH_SEARCH_PATHS = (
					"$(inherited)",
					"@executable_path/Frameworks",
				);
				MARKETING_VERSION = 1.0;
				PRODUCT_BUNDLE_IDENTIFIER = shamil.aglarov.QuestGame;
				PRODUCT_NAME = "$(TARGET_NAME)";
				SWIFT_EMIT_LOC_STRINGS = YES;
				SWIFT_VERSION = 5.0;
				TARGETED_DEVICE_FAMILY = "1,2";
			};
			name = Debug;
		};
		4B6CEC6F2BE4313300F8C738 /* Release */ = {
			isa = XCBuildConfiguration;
			buildSettings = {
				ASSETCATALOG_COMPILER_APPICON_NAME = AppIcon;
				ASSETCATALOG_COMPILER_GLOBAL_ACCENT_COLOR_NAME = AccentColor;
				CODE_SIGN_STYLE = Automatic;
				CURRENT_PROJECT_VERSION = 1;
				DEVELOPMENT_TEAM = F7NHX5BAFW;
				GENERATE_INFOPLIST_FILE = YES;
				INFOPLIST_FILE = QuestGame/Info.plist;
				INFOPLIST_KEY_UIApplicationSupportsIndirectInputEvents = YES;
				INFOPLIST_KEY_UILaunchStoryboardName = LaunchScreen;
				INFOPLIST_KEY_UISupportedInterfaceOrientations_iPad = "UIInterfaceOrientationPortrait UIInterfaceOrientationPortraitUpsideDown UIInterfaceOrientationLandscapeLeft UIInterfaceOrientationLandscapeRight";
				INFOPLIST_KEY_UISupportedInterfaceOrientations_iPhone = "UIInterfaceOrientationPortrait UIInterfaceOrientationLandscapeLeft UIInterfaceOrientationLandscapeRight";
				LD_RUNPATH_SEARCH_PATHS = (
					"$(inherited)",
					"@executable_path/Frameworks",
				);
				MARKETING_VERSION = 1.0;
				PRODUCT_BUNDLE_IDENTIFIER = shamil.aglarov.QuestGame;
				PRODUCT_NAME = "$(TARGET_NAME)";
				SWIFT_EMIT_LOC_STRINGS = YES;
				SWIFT_VERSION = 5.0;
				TARGETED_DEVICE_FAMILY = "1,2";
			};
			name = Release;
		};
		4B6CEC712BE4313300F8C738 /* Debug */ = {
			isa = XCBuildConfiguration;
			buildSettings = {
				ALWAYS_EMBED_SWIFT_STANDARD_LIBRARIES = YES;
				BUNDLE_LOADER = "$(TEST_HOST)";
				CODE_SIGN_STYLE = Automatic;
				CURRENT_PROJECT_VERSION = 1;
				DEVELOPMENT_TEAM = F7NHX5BAFW;
				GENERATE_INFOPLIST_FILE = YES;
				IPHONEOS_DEPLOYMENT_TARGET = 15.0;
				MARKETING_VERSION = 1.0;
				PRODUCT_BUNDLE_IDENTIFIER = shamil.aglarov.QuestGameTests;
				PRODUCT_NAME = "$(TARGET_NAME)";
				SWIFT_EMIT_LOC_STRINGS = NO;
				SWIFT_VERSION = 5.0;
				TARGETED_DEVICE_FAMILY = "1,2";
				TEST_HOST = "$(BUILT_PRODUCTS_DIR)/QuestGame.app/$(BUNDLE_EXECUTABLE_FOLDER_PATH)/QuestGame";
			};
			name = Debug;
		};
		4B6CEC722BE4313300F8C738 /* Release */ = {
			isa = XCBuildConfiguration;
			buildSettings = {
				ALWAYS_EMBED_SWIFT_STANDARD_LIBRARIES = YES;
				BUNDLE_LOADER = "$(TEST_HOST)";
				CODE_SIGN_STYLE = Automatic;
				CURRENT_PROJECT_VERSION = 1;
				DEVELOPMENT_TEAM = F7NHX5BAFW;
				GENERATE_INFOPLIST_FILE = YES;
				IPHONEOS_DEPLOYMENT_TARGET = 15.0;
				MARKETING_VERSION = 1.0;
				PRODUCT_BUNDLE_IDENTIFIER = shamil.aglarov.QuestGameTests;
				PRODUCT_NAME = "$(TARGET_NAME)";
				SWIFT_EMIT_LOC_STRINGS = NO;
				SWIFT_VERSION = 5.0;
				TARGETED_DEVICE_FAMILY = "1,2";
				TEST_HOST = "$(BUILT_PRODUCTS_DIR)/QuestGame.app/$(BUNDLE_EXECUTABLE_FOLDER_PATH)/QuestGame";
			};
			name = Release;
		};
		4B6CEC742BE4313300F8C738 /* Debug */ = {
			isa = XCBuildConfiguration;
			buildSettings = {
				ALWAYS_EMBED_SWIFT_STANDARD_LIBRARIES = YES;
				CODE_SIGN_STYLE = Automatic;
				CURRENT_PROJECT_VERSION = 1;
				DEVELOPMENT_TEAM = F7NHX5BAFW;
				GENERATE_INFOPLIST_FILE = YES;
				MARKETING_VERSION = 1.0;
				PRODUCT_BUNDLE_IDENTIFIER = shamil.aglarov.QuestGameUITests;
				PRODUCT_NAME = "$(TARGET_NAME)";
				SWIFT_EMIT_LOC_STRINGS = NO;
				SWIFT_VERSION = 5.0;
				TARGETED_DEVICE_FAMILY = "1,2";
				TEST_TARGET_NAME = QuestGame;
			};
			name = Debug;
		};
		4B6CEC752BE4313300F8C738 /* Release */ = {
			isa = XCBuildConfiguration;
			buildSettings = {
				ALWAYS_EMBED_SWIFT_STANDARD_LIBRARIES = YES;
				CODE_SIGN_STYLE = Automatic;
				CURRENT_PROJECT_VERSION = 1;
				DEVELOPMENT_TEAM = F7NHX5BAFW;
				GENERATE_INFOPLIST_FILE = YES;
				MARKETING_VERSION = 1.0;
				PRODUCT_BUNDLE_IDENTIFIER = shamil.aglarov.QuestGameUITests;
				PRODUCT_NAME = "$(TARGET_NAME)";
				SWIFT_EMIT_LOC_STRINGS = NO;
				SWIFT_VERSION = 5.0;
				TARGETED_DEVICE_FAMILY = "1,2";
				TEST_TARGET_NAME = QuestGame;
			};
			name = Release;
		};
/* End XCBuildConfiguration section */

/* Begin XCConfigurationList section */
		4B6CEC3E2BE4312B00F8C738 /* Build configuration list for PBXProject "QuestGame" */ = {
			isa = XCConfigurationList;
			buildConfigurations = (
				4B6CEC6B2BE4313300F8C738 /* Debug */,
				4B6CEC6C2BE4313300F8C738 /* Release */,
			);
			defaultConfigurationIsVisible = 0;
			defaultConfigurationName = Release;
		};
		4B6CEC6D2BE4313300F8C738 /* Build configuration list for PBXNativeTarget "QuestGame" */ = {
			isa = XCConfigurationList;
			buildConfigurations = (
				4B6CEC6E2BE4313300F8C738 /* Debug */,
				4B6CEC6F2BE4313300F8C738 /* Release */,
			);
			defaultConfigurationIsVisible = 0;
			defaultConfigurationName = Release;
		};
		4B6CEC702BE4313300F8C738 /* Build configuration list for PBXNativeTarget "QuestGameTests" */ = {
			isa = XCConfigurationList;
			buildConfigurations = (
				4B6CEC712BE4313300F8C738 /* Debug */,
				4B6CEC722BE4313300F8C738 /* Release */,
			);
			defaultConfigurationIsVisible = 0;
			defaultConfigurationName = Release;
		};
		4B6CEC732BE4313300F8C738 /* Build configuration list for PBXNativeTarget "QuestGameUITests" */ = {
			isa = XCConfigurationList;
			buildConfigurations = (
				4B6CEC742BE4313300F8C738 /* Debug */,
				4B6CEC752BE4313300F8C738 /* Release */,
			);
			defaultConfigurationIsVisible = 0;
			defaultConfigurationName = Release;
		};
/* End XCConfigurationList section */
	};
	rootObject = 4B6CEC3B2BE4312B00F8C738 /* Project object */;
}
